// !$*UTF8*$!
{
	archiveVersion = 1;
	classes = {
	};
	objectVersion = 50;
	objects = {

/* Begin PBXBuildFile section */
		C4CA43B4211E1EE8008A4A1D /* AppDelegate.swift in Sources */ = {isa = PBXBuildFile; fileRef = C4CA43B3211E1EE8008A4A1D /* AppDelegate.swift */; };
		C4CA43B6211E1EE8008A4A1D /* QuizViewController.swift in Sources */ = {isa = PBXBuildFile; fileRef = C4CA43B5211E1EE8008A4A1D /* QuizViewController.swift */; };
		C4CA43B9211E1EE9008A4A1D /* Main.storyboard in Resources */ = {isa = PBXBuildFile; fileRef = C4CA43B7211E1EE9008A4A1D /* Main.storyboard */; };
		C4CA43BB211E1F0A008A4A1D /* Assets.xcassets in Resources */ = {isa = PBXBuildFile; fileRef = C4CA43BA211E1F0A008A4A1D /* Assets.xcassets */; };
		C4CA43BE211E1F0A008A4A1D /* LaunchScreen.storyboard in Resources */ = {isa = PBXBuildFile; fileRef = C4CA43BC211E1F0A008A4A1D /* LaunchScreen.storyboard */; };
		C4CA43C9211E1FE4008A4A1D /* QuizCell+OtherViews.swift in Sources */ = {isa = PBXBuildFile; fileRef = C4CA43C8211E1FE4008A4A1D /* QuizCell+OtherViews.swift */; };
		C4CA43CB211E2022008A4A1D /* NerdyQuestions.swift in Sources */ = {isa = PBXBuildFile; fileRef = C4CA43CA211E2022008A4A1D /* NerdyQuestions.swift */; };
		C4CA43CD211E241B008A4A1D /* ScoreViewController.swift in Sources */ = {isa = PBXBuildFile; fileRef = C4CA43CC211E241B008A4A1D /* ScoreViewController.swift */; };
/* End PBXBuildFile section */

/* Begin PBXFileReference section */
		C4CA43B0211E1EE8008A4A1D /* Nerdy-Quiz.app */ = {isa = PBXFileReference; explicitFileType = wrapper.application; includeInIndex = 0; path = "Nerdy-Quiz.app"; sourceTree = BUILT_PRODUCTS_DIR; };
		C4CA43B3211E1EE8008A4A1D /* AppDelegate.swift */ = {isa = PBXFileReference; lastKnownFileType = sourcecode.swift; path = AppDelegate.swift; sourceTree = "<group>"; };
		C4CA43B5211E1EE8008A4A1D /* QuizViewController.swift */ = {isa = PBXFileReference; lastKnownFileType = sourcecode.swift; path = QuizViewController.swift; sourceTree = "<group>"; };
		C4CA43B8211E1EE9008A4A1D /* Base */ = {isa = PBXFileReference; lastKnownFileType = file.storyboard; name = Base; path = Base.lproj/Main.storyboard; sourceTree = "<group>"; };
		C4CA43BA211E1F0A008A4A1D /* Assets.xcassets */ = {isa = PBXFileReference; lastKnownFileType = folder.assetcatalog; path = Assets.xcassets; sourceTree = "<group>"; };
		C4CA43BD211E1F0A008A4A1D /* Base */ = {isa = PBXFileReference; lastKnownFileType = file.storyboard; name = Base; path = Base.lproj/LaunchScreen.storyboard; sourceTree = "<group>"; };
		C4CA43BF211E1F0A008A4A1D /* Info.plist */ = {isa = PBXFileReference; lastKnownFileType = text.plist.xml; path = Info.plist; sourceTree = "<group>"; };
		C4CA43C8211E1FE4008A4A1D /* QuizCell+OtherViews.swift */ = {isa = PBXFileReference; lastKnownFileType = sourcecode.swift; path = "QuizCell+OtherViews.swift"; sourceTree = "<group>"; };
		C4CA43CA211E2022008A4A1D /* NerdyQuestions.swift */ = {isa = PBXFileReference; lastKnownFileType = sourcecode.swift; path = NerdyQuestions.swift; sourceTree = "<group>"; };
		C4CA43CC211E241B008A4A1D /* ScoreViewController.swift */ = {isa = PBXFileReference; lastKnownFileType = sourcecode.swift; path = ScoreViewController.swift; sourceTree = "<group>"; };
/* End PBXFileReference section */

/* Begin PBXFrameworksBuildPhase section */
		C4CA43AD211E1EE8008A4A1D /* Frameworks */ = {
			isa = PBXFrameworksBuildPhase;
			buildActionMask = 2147483647;
			files = (
			);
			runOnlyForDeploymentPostprocessing = 0;
		};
/* End PBXFrameworksBuildPhase section */

/* Begin PBXGroup section */
		C4CA43A7211E1EE8008A4A1D = {
			isa = PBXGroup;
			children = (
				C4CA43B2211E1EE8008A4A1D /* Nerdy-Quiz */,
				C4CA43B1211E1EE8008A4A1D /* Products */,
			);
			sourceTree = "<group>";
		};
		C4CA43B1211E1EE8008A4A1D /* Products */ = {
			isa = PBXGroup;
			children = (
				C4CA43B0211E1EE8008A4A1D /* Nerdy-Quiz.app */,
			);
			name = Products;
			sourceTree = "<group>";
		};
		C4CA43B2211E1EE8008A4A1D /* Nerdy-Quiz */ = {
			isa = PBXGroup;
			children = (
				C4CA43C5211E1F43008A4A1D /* Model */,
				C4CA43C6211E1F50008A4A1D /* View */,
				C4CA43C7211E1F5D008A4A1D /* Controller */,
				C4CA43BA211E1F0A008A4A1D /* Assets.xcassets */,
				C4CA43BC211E1F0A008A4A1D /* LaunchScreen.storyboard */,
				C4CA43BF211E1F0A008A4A1D /* Info.plist */,
			);
			path = "Nerdy-Quiz";
			sourceTree = "<group>";
		};
		C4CA43C5211E1F43008A4A1D /* Model */ = {
			isa = PBXGroup;
			children = (
				C4CA43CA211E2022008A4A1D /* NerdyQuestions.swift */,
			);
			path = Model;
			sourceTree = "<group>";
		};
		C4CA43C6211E1F50008A4A1D /* View */ = {
			isa = PBXGroup;
			children = (
				C4CA43B7211E1EE9008A4A1D /* Main.storyboard */,
				C4CA43C8211E1FE4008A4A1D /* QuizCell+OtherViews.swift */,
			);
			path = View;
			sourceTree = "<group>";
		};
		C4CA43C7211E1F5D008A4A1D /* Controller */ = {
			isa = PBXGroup;
			children = (
				C4CA43B5211E1EE8008A4A1D /* QuizViewController.swift */,
				C4CA43B3211E1EE8008A4A1D /* AppDelegate.swift */,
				C4CA43CC211E241B008A4A1D /* ScoreViewController.swift */,
			);
			path = Controller;
			sourceTree = "<group>";
		};
/* End PBXGroup section */

/* Begin PBXNativeTarget section */
		C4CA43AF211E1EE8008A4A1D /* Nerdy-Quiz */ = {
			isa = PBXNativeTarget;
			buildConfigurationList = C4CA43C2211E1F0A008A4A1D /* Build configuration list for PBXNativeTarget "Nerdy-Quiz" */;
			buildPhases = (
				C4CA43AC211E1EE8008A4A1D /* Sources */,
				C4CA43AD211E1EE8008A4A1D /* Frameworks */,
				C4CA43AE211E1EE8008A4A1D /* Resources */,
			);
			buildRules = (
			);
			dependencies = (
			);
			name = "Nerdy-Quiz";
			productName = "Nerdy-Quiz";
			productReference = C4CA43B0211E1EE8008A4A1D /* Nerdy-Quiz.app */;
			productType = "com.apple.product-type.application";
		};
/* End PBXNativeTarget section */

/* Begin PBXProject section */
		C4CA43A8211E1EE8008A4A1D /* Project object */ = {
			isa = PBXProject;
			attributes = {
				LastSwiftUpdateCheck = 1000;
				LastUpgradeCheck = 1000;
				ORGANIZATIONNAME = "Mensah Shadrach";
				TargetAttributes = {
					C4CA43AF211E1EE8008A4A1D = {
						CreatedOnToolsVersion = 10.0;
					};
				};
			};
			buildConfigurationList = C4CA43AB211E1EE8008A4A1D /* Build configuration list for PBXProject "Nerdy-Quiz" */;
			compatibilityVersion = "Xcode 9.3";
			developmentRegion = en;
			hasScannedForEncodings = 0;
			knownRegions = (
				en,
				Base,
			);
			mainGroup = C4CA43A7211E1EE8008A4A1D;
			productRefGroup = C4CA43B1211E1EE8008A4A1D /* Products */;
			projectDirPath = "";
			projectRoot = "";
			targets = (
				C4CA43AF211E1EE8008A4A1D /* Nerdy-Quiz */,
			);
		};
/* End PBXProject section */

/* Begin PBXResourcesBuildPhase section */
		C4CA43AE211E1EE8008A4A1D /* Resources */ = {
			isa = PBXResourcesBuildPhase;
			buildActionMask = 2147483647;
			files = (
				C4CA43BE211E1F0A008A4A1D /* LaunchScreen.storyboard in Resources */,
				C4CA43BB211E1F0A008A4A1D /* Assets.xcassets in Resources */,
				C4CA43B9211E1EE9008A4A1D /* Main.storyboard in Resources */,
			);
			runOnlyForDeploymentPostprocessing = 0;
		};
/* End PBXResourcesBuildPhase section */

/* Begin PBXSourcesBuildPhase section */
		C4CA43AC211E1EE8008A4A1D /* Sources */ = {
			isa = PBXSourcesBuildPhase;
			buildActionMask = 2147483647;
			files = (
				C4CA43CB211E2022008A4A1D /* NerdyQuestions.swift in Sources */,
				C4CA43C9211E1FE4008A4A1D /* QuizCell+OtherViews.swift in Sources */,
				C4CA43CD211E241B008A4A1D /* ScoreViewController.swift in Sources */,
				C4CA43B6211E1EE8008A4A1D /* QuizViewController.swift in Sources */,
				C4CA43B4211E1EE8008A4A1D /* AppDelegate.swift in Sources */,
			);
			runOnlyForDeploymentPostprocessing = 0;
		};
/* End PBXSourcesBuildPhase section */

/* Begin PBXVariantGroup section */
		C4CA43B7211E1EE9008A4A1D /* Main.storyboard */ = {
			isa = PBXVariantGroup;
			children = (
				C4CA43B8211E1EE9008A4A1D /* Base */,
			);
			name = Main.storyboard;
			sourceTree = "<group>";
		};
		C4CA43BC211E1F0A008A4A1D /* LaunchScreen.storyboard */ = {
			isa = PBXVariantGroup;
			children = (
				C4CA43BD211E1F0A008A4A1D /* Base */,
			);
			name = LaunchScreen.storyboard;
			sourceTree = "<group>";
		};
/* End PBXVariantGroup section */

/* Begin XCBuildConfiguration section */
		C4CA43C0211E1F0A008A4A1D /* Debug */ = {
			isa = XCBuildConfiguration;
			buildSettings = {
				ALWAYS_SEARCH_USER_PATHS = NO;
				CLANG_ANALYZER_NONNULL = YES;
				CLANG_ANALYZER_NUMBER_OBJECT_CONVERSION = YES_AGGRESSIVE;
				CLANG_CXX_LANGUAGE_STANDARD = "gnu++14";
				CLANG_CXX_LIBRARY = "libc++";
				CLANG_ENABLE_MODULES = YES;
				CLANG_ENABLE_OBJC_ARC = YES;
				CLANG_ENABLE_OBJC_WEAK = YES;
				CLANG_WARN_BLOCK_CAPTURE_AUTORELEASING = YES;
				CLANG_WARN_BOOL_CONVERSION = YES;
				CLANG_WARN_COMMA = YES;
				CLANG_WARN_CONSTANT_CONVERSION = YES;
				CLANG_WARN_DEPRECATED_OBJC_IMPLEMENTATIONS = YES;
				CLANG_WARN_DIRECT_OBJC_ISA_USAGE = YES_ERROR;
				CLANG_WARN_DOCUMENTATION_COMMENTS = YES;
				CLANG_WARN_EMPTY_BODY = YES;
				CLANG_WARN_ENUM_CONVERSION = YES;
				CLANG_WARN_INFINITE_RECURSION = YES;
				CLANG_WARN_INT_CONVERSION = YES;
				CLANG_WARN_NON_LITERAL_NULL_CONVERSION = YES;
				CLANG_WARN_OBJC_IMPLICIT_RETAIN_SELF = YES;
				CLANG_WARN_OBJC_LITERAL_CONVERSION = YES;
				CLANG_WARN_OBJC_ROOT_CLASS = YES_ERROR;
				CLANG_WARN_RANGE_LOOP_ANALYSIS = YES;
				CLANG_WARN_STRICT_PROTOTYPES = YES;
				CLANG_WARN_SUSPICIOUS_MOVE = YES;
				CLANG_WARN_UNGUARDED_AVAILABILITY = YES_AGGRESSIVE;
				CLANG_WARN_UNREACHABLE_CODE = YES;
				CLANG_WARN__DUPLICATE_METHOD_MATCH = YES;
				CODE_SIGN_IDENTITY = "iPhone Developer";
				COPY_PHASE_STRIP = NO;
				DEBUG_INFORMATION_FORMAT = dwarf;
				ENABLE_STRICT_OBJC_MSGSEND = YES;
				ENABLE_TESTABILITY = YES;
				GCC_C_LANGUAGE_STANDARD = gnu11;
				GCC_DYNAMIC_NO_PIC = NO;
				GCC_NO_COMMON_BLOCKS = YES;
				GCC_OPTIMIZATION_LEVEL = 0;
				GCC_PREPROCESSOR_DEFINITIONS = (
					"DEBUG=1",
					"$(inherited)",
				);
				GCC_WARN_64_TO_32_BIT_CONVERSION = YES;
				GCC_WARN_ABOUT_RETURN_TYPE = YES_ERROR;
				GCC_WARN_UNDECLARED_SELECTOR = YES;
				GCC_WARN_UNINITIALIZED_AUTOS = YES_AGGRESSIVE;
				GCC_WARN_UNUSED_FUNCTION = YES;
				GCC_WARN_UNUSED_VARIABLE = YES;
				IPHONEOS_DEPLOYMENT_TARGET = 12.0;
				MTL_ENABLE_DEBUG_INFO = INCLUDE_SOURCE;
				ONLY_ACTIVE_ARCH = YES;
				SDKROOT = iphoneos;
				SWIFT_ACTIVE_COMPILATION_CONDITIONS = DEBUG;
				SWIFT_OPTIMIZATION_LEVEL = "-Onone";
			};
			name = Debug;
		};
		C4CA43C1211E1F0A008A4A1D /* Release */ = {
			isa = XCBuildConfiguration;
			buildSettings = {
				ALWAYS_SEARCH_USER_PATHS = NO;
				CLANG_ANALYZER_NONNULL = YES;
				CLANG_ANALYZER_NUMBER_OBJECT_CONVERSION = YES_AGGRESSIVE;
				CLANG_CXX_LANGUAGE_STANDARD = "gnu++14";
				CLANG_CXX_LIBRARY = "libc++";
				CLANG_ENABLE_MODULES = YES;
				CLANG_ENABLE_OBJC_ARC = YES;
				CLANG_ENABLE_OBJC_WEAK = YES;
				CLANG_WARN_BLOCK_CAPTURE_AUTORELEASING = YES;
				CLANG_WARN_BOOL_CONVERSION = YES;
				CLANG_WARN_COMMA = YES;
				CLANG_WARN_CONSTANT_CONVERSION = YES;
				CLANG_WARN_DEPRECATED_OBJC_IMPLEMENTATIONS = YES;
				CLANG_WARN_DIRECT_OBJC_ISA_USAGE = YES_ERROR;
				CLANG_WARN_DOCUMENTATION_COMMENTS = YES;
				CLANG_WARN_EMPTY_BODY = YES;
				CLANG_WARN_ENUM_CONVERSION = YES;
				CLANG_WARN_INFINITE_RECURSION = YES;
				CLANG_WARN_INT_CONVERSION = YES;
				CLANG_WARN_NON_LITERAL_NULL_CONVERSION = YES;
				CLANG_WARN_OBJC_IMPLICIT_RETAIN_SELF = YES;
				CLANG_WARN_OBJC_LITERAL_CONVERSION = YES;
				CLANG_WARN_OBJC_ROOT_CLASS = YES_ERROR;
				CLANG_WARN_RANGE_LOOP_ANALYSIS = YES;
				CLANG_WARN_STRICT_PROTOTYPES = YES;
				CLANG_WARN_SUSPICIOUS_MOVE = YES;
				CLANG_WARN_UNGUARDED_AVAILABILITY = YES_AGGRESSIVE;
				CLANG_WARN_UNREACHABLE_CODE = YES;
				CLANG_WARN__DUPLICATE_METHOD_MATCH = YES;
				CODE_SIGN_IDENTITY = "iPhone Developer";
				COPY_PHASE_STRIP = NO;
				DEBUG_INFORMATION_FORMAT = "dwarf-with-dsym";
				ENABLE_NS_ASSERTIONS = NO;
				ENABLE_STRICT_OBJC_MSGSEND = YES;
				GCC_C_LANGUAGE_STANDARD = gnu11;
				GCC_NO_COMMON_BLOCKS = YES;
				GCC_WARN_64_TO_32_BIT_CONVERSION = YES;
				GCC_WARN_ABOUT_RETURN_TYPE = YES_ERROR;
				GCC_WARN_UNDECLARED_SELECTOR = YES;
				GCC_WARN_UNINITIALIZED_AUTOS = YES_AGGRESSIVE;
				GCC_WARN_UNUSED_FUNCTION = YES;
				GCC_WARN_UNUSED_VARIABLE = YES;
				IPHONEOS_DEPLOYMENT_TARGET = 12.0;
				MTL_ENABLE_DEBUG_INFO = NO;
				SDKROOT = iphoneos;
				SWIFT_COMPILATION_MODE = wholemodule;
				SWIFT_OPTIMIZATION_LEVEL = "-O";
				VALIDATE_PRODUCT = YES;
			};
			name = Release;
		};
		C4CA43C3211E1F0A008A4A1D /* Debug */ = {
			isa = XCBuildConfiguration;
			buildSettings = {
				ASSETCATALOG_COMPILER_APPICON_NAME = AppIcon;
				CODE_SIGN_STYLE = Automatic;
				DEVELOPMENT_TEAM = MB46J93Q7Z;
				INFOPLIST_FILE = "Nerdy-Quiz/Info.plist";
				LD_RUNPATH_SEARCH_PATHS = (
					"$(inherited)",
					"@executable_path/Frameworks",
				);
				PRODUCT_BUNDLE_IDENTIFIER = "net.codesworth.Nerdy-Quiz";
				PRODUCT_NAME = "$(TARGET_NAME)";
				SWIFT_VERSION = 4.2;
				TARGETED_DEVICE_FAMILY = "1,2";
			};
			name = Debug;
		};
		C4CA43C4211E1F0A008A4A1D /* Release */ = {
			isa = XCBuildConfiguration;
			buildSettings = {
				ASSETCATALOG_COMPILER_APPICON_NAME = AppIcon;
				CODE_SIGN_STYLE = Automatic;
				DEVELOPMENT_TEAM = MB46J93Q7Z;
				INFOPLIST_FILE = "Nerdy-Quiz/Info.plist";
				LD_RUNPATH_SEARCH_PATHS = (
					"$(inherited)",
					"@executable_path/Frameworks",
				);
				PRODUCT_BUNDLE_IDENTIFIER = "net.codesworth.Nerdy-Quiz";
				PRODUCT_NAME = "$(TARGET_NAME)";
				SWIFT_VERSION = 4.2;
				TARGETED_DEVICE_FAMILY = "1,2";
			};
			name = Release;
		};
/* End XCBuildConfiguration section */

/* Begin XCConfigurationList section */
		C4CA43AB211E1EE8008A4A1D /* Build configuration list for PBXProject "Nerdy-Quiz" */ = {
			isa = XCConfigurationList;
			buildConfigurations = (
				C4CA43C0211E1F0A008A4A1D /* Debug */,
				C4CA43C1211E1F0A008A4A1D /* Release */,
			);
			defaultConfigurationIsVisible = 0;
			defaultConfigurationName = Release;
		};
		C4CA43C2211E1F0A008A4A1D /* Build configuration list for PBXNativeTarget "Nerdy-Quiz" */ = {
			isa = XCConfigurationList;
			buildConfigurations = (
				C4CA43C3211E1F0A008A4A1D /* Debug */,
				C4CA43C4211E1F0A008A4A1D /* Release */,
			);
			defaultConfigurationIsVisible = 0;
			defaultConfigurationName = Release;
		};
/* End XCConfigurationList section */
	};
	rootObject = C4CA43A8211E1EE8008A4A1D /* Project object */;
}
